
Microsoft Visual Studio Solution File, Format Version 12.00
# Visual Studio Version 17
VisualStudioVersion = 17.0.32112.339
MinimumVisualStudioVersion = 10.0.40219.1
Project("{FAE04EC0-301F-11D3-BF4B-00C04F79EFBC}") = "Entities", "Entities\Entities.csproj", "{9EE723DA-6C4B-4926-9017-9EE42CF957F3}"
EndProject
Project("{FAE04EC0-301F-11D3-BF4B-00C04F79EFBC}") = "DataAccess", "DataAccess\DataAccess.csproj", "{8CF78021-2A5C-4CCC-810D-2A577FFE8DAE}"
EndProject
Project("{FAE04EC0-301F-11D3-BF4B-00C04F79EFBC}") = "Business", "Business\Business.csproj", "{16B87635-54CA-4F5F-A42F-FA9BAB97210E}"
EndProject
Project("{FAE04EC0-301F-11D3-BF4B-00C04F79EFBC}") = "ConsoleUI", "ConsoleUI\ConsoleUI.csproj", "{202B91FE-36CB-4372-BA3D-C20DA2771A56}"
EndProject
Global
	GlobalSection(SolutionConfigurationPlatforms) = preSolution
		Debug|Any CPU = Debug|Any CPU
		Release|Any CPU = Release|Any CPU
	EndGlobalSection
	GlobalSection(ProjectConfigurationPlatforms) = postSolution
		{9EE723DA-6C4B-4926-9017-9EE42CF957F3}.Debug|Any CPU.ActiveCfg = Debug|Any CPU
		{9EE723DA-6C4B-4926-9017-9EE42CF957F3}.Debug|Any CPU.Build.0 = Debug|Any CPU
		{9EE723DA-6C4B-4926-9017-9EE42CF957F3}.Release|Any CPU.ActiveCfg = Release|Any CPU
		{9EE723DA-6C4B-4926-9017-9EE42CF957F3}.Release|Any CPU.Build.0 = Release|Any CPU
		{8CF78021-2A5C-4CCC-810D-2A577FFE8DAE}.Debug|Any CPU.ActiveCfg = Debug|Any CPU
		{8CF78021-2A5C-4CCC-810D-2A577FFE8DAE}.Debug|Any CPU.Build.0 = Debug|Any CPU
		{8CF78021-2A5C-4CCC-810D-2A577FFE8DAE}.Release|Any CPU.ActiveCfg = Release|Any CPU
		{8CF78021-2A5C-4CCC-810D-2A577FFE8DAE}.Release|Any CPU.Build.0 = Release|Any CPU
		{16B87635-54CA-4F5F-A42F-FA9BAB97210E}.Debug|Any CPU.ActiveCfg = Debug|Any CPU
		{16B87635-54CA-4F5F-A42F-FA9BAB97210E}.Debug|Any CPU.Build.0 = Debug|Any CPU
		{16B87635-54CA-4F5F-A42F-FA9BAB97210E}.Release|Any CPU.ActiveCfg = Release|Any CPU
		{16B87635-54CA-4F5F-A42F-FA9BAB97210E}.Release|Any CPU.Build.0 = Release|Any CPU
		{202B91FE-36CB-4372-BA3D-C20DA2771A56}.Debug|Any CPU.ActiveCfg = Debug|Any CPU
		{202B91FE-36CB-4372-BA3D-C20DA2771A56}.Debug|Any CPU.Build.0 = Debug|Any CPU
		{202B91FE-36CB-4372-BA3D-C20DA2771A56}.Release|Any CPU.ActiveCfg = Release|Any CPU
		{202B91FE-36CB-4372-BA3D-C20DA2771A56}.Release|Any CPU.Build.0 = Release|Any CPU
	EndGlobalSection
	GlobalSection(SolutionProperties) = preSolution
		HideSolutionNode = FALSE
	EndGlobalSection
	GlobalSection(ExtensibilityGlobals) = postSolution
		SolutionGuid = {703E6447-0F77-4197-B8F7-8625A1B01963}
	EndGlobalSection
EndGlobal
